
Microsoft Visual Studio Solution File, Format Version 12.00
# Visual Studio Version 17
VisualStudioVersion = 17.0.31903.59
MinimumVisualStudioVersion = 10.0.40219.1
Project("{FAE04EC0-301F-11D3-BF4B-00C04F79EFBC}") = "Lab1Sept27th2022ver1", "Lab1Sept27th2022ver1\Lab1Sept27th2022ver1.csproj", "{4D3D5B91-D47E-4B07-9672-99275D6DDF2F}"
EndProject
Global
	GlobalSection(SolutionConfigurationPlatforms) = preSolution
		Debug|Any CPU = Debug|Any CPU
		Release|Any CPU = Release|Any CPU
	EndGlobalSection
	GlobalSection(ProjectConfigurationPlatforms) = postSolution
		{4D3D5B91-D47E-4B07-9672-99275D6DDF2F}.Debug|Any CPU.ActiveCfg = Debug|Any CPU
		{4D3D5B91-D47E-4B07-9672-99275D6DDF2F}.Debug|Any CPU.Build.0 = Debug|Any CPU
		{4D3D5B91-D47E-4B07-9672-99275D6DDF2F}.Release|Any CPU.ActiveCfg = Release|Any CPU
		{4D3D5B91-D47E-4B07-9672-99275D6DDF2F}.Release|Any CPU.Build.0 = Release|Any CPU
	EndGlobalSection
	GlobalSection(SolutionProperties) = preSolution
		HideSolutionNode = FALSE
	EndGlobalSection
	GlobalSection(ExtensibilityGlobals) = postSolution
		SolutionGuid = {B67B31AC-3ADF-4CFB-AE5A-2FFAB314858C}
	EndGlobalSection
EndGlobal
